// !$*UTF8*$!
{
	archiveVersion = 1;
	classes = {
	};
	objectVersion = 55;
	objects = {

/* Begin PBXBuildFile section */
		FF07385A27650B6800315619 /* AppDelegate.swift in Sources */ = {isa = PBXBuildFile; fileRef = FF07385927650B6800315619 /* AppDelegate.swift */; };
		FF07385C27650B6800315619 /* SceneDelegate.swift in Sources */ = {isa = PBXBuildFile; fileRef = FF07385B27650B6800315619 /* SceneDelegate.swift */; };
		FF07386127650B6900315619 /* Main.storyboard in Resources */ = {isa = PBXBuildFile; fileRef = FF07385F27650B6900315619 /* Main.storyboard */; };
		FF07386327650B7200315619 /* Assets.xcassets in Resources */ = {isa = PBXBuildFile; fileRef = FF07386227650B7200315619 /* Assets.xcassets */; };
		FF07386627650B7200315619 /* LaunchScreen.storyboard in Resources */ = {isa = PBXBuildFile; fileRef = FF07386427650B7200315619 /* LaunchScreen.storyboard */; };
		FF07387227651AFD00315619 /* GameVC.swift in Sources */ = {isa = PBXBuildFile; fileRef = FF07387127651AFC00315619 /* GameVC.swift */; };
		FF86B6AA27710762005E703E /* Game.swift in Sources */ = {isa = PBXBuildFile; fileRef = FF86B6A927710762005E703E /* Game.swift */; };
		FF86B6AC27749B32005E703E /* Combination.swift in Sources */ = {isa = PBXBuildFile; fileRef = FF86B6AB27749B32005E703E /* Combination.swift */; };
		FF86B6AE2774E6C4005E703E /* Position.swift in Sources */ = {isa = PBXBuildFile; fileRef = FF86B6AD2774E6C3005E703E /* Position.swift */; };
		FF86B6B0277615D3005E703E /* EndVC.swift in Sources */ = {isa = PBXBuildFile; fileRef = FF86B6AF277615D2005E703E /* EndVC.swift */; };
/* End PBXBuildFile section */

/* Begin PBXFileReference section */
		FF07385627650B6800315619 /* general.app */ = {isa = PBXFileReference; explicitFileType = wrapper.application; includeInIndex = 0; path = general.app; sourceTree = BUILT_PRODUCTS_DIR; };
		FF07385927650B6800315619 /* AppDelegate.swift */ = {isa = PBXFileReference; lastKnownFileType = sourcecode.swift; path = AppDelegate.swift; sourceTree = "<group>"; };
		FF07385B27650B6800315619 /* SceneDelegate.swift */ = {isa = PBXFileReference; lastKnownFileType = sourcecode.swift; path = SceneDelegate.swift; sourceTree = "<group>"; };
		FF07386027650B6900315619 /* Base */ = {isa = PBXFileReference; lastKnownFileType = file.storyboard; name = Base; path = Base.lproj/Main.storyboard; sourceTree = "<group>"; };
		FF07386227650B7200315619 /* Assets.xcassets */ = {isa = PBXFileReference; lastKnownFileType = folder.assetcatalog; path = Assets.xcassets; sourceTree = "<group>"; };
		FF07386527650B7200315619 /* Base */ = {isa = PBXFileReference; lastKnownFileType = file.storyboard; name = Base; path = Base.lproj/LaunchScreen.storyboard; sourceTree = "<group>"; };
		FF07386727650B7200315619 /* Info.plist */ = {isa = PBXFileReference; lastKnownFileType = text.plist.xml; path = Info.plist; sourceTree = "<group>"; };
		FF07387027650E5800315619 /* general.entitlements */ = {isa = PBXFileReference; lastKnownFileType = text.plist.entitlements; path = general.entitlements; sourceTree = "<group>"; };
		FF07387127651AFC00315619 /* GameVC.swift */ = {isa = PBXFileReference; lastKnownFileType = sourcecode.swift; path = GameVC.swift; sourceTree = "<group>"; };
		FF86B6A927710762005E703E /* Game.swift */ = {isa = PBXFileReference; lastKnownFileType = sourcecode.swift; path = Game.swift; sourceTree = "<group>"; };
		FF86B6AB27749B32005E703E /* Combination.swift */ = {isa = PBXFileReference; lastKnownFileType = sourcecode.swift; path = Combination.swift; sourceTree = "<group>"; };
		FF86B6AD2774E6C3005E703E /* Position.swift */ = {isa = PBXFileReference; lastKnownFileType = sourcecode.swift; path = Position.swift; sourceTree = "<group>"; };
		FF86B6AF277615D2005E703E /* EndVC.swift */ = {isa = PBXFileReference; lastKnownFileType = sourcecode.swift; path = EndVC.swift; sourceTree = "<group>"; };
/* End PBXFileReference section */

/* Begin PBXFrameworksBuildPhase section */
		FF07385327650B6800315619 /* Frameworks */ = {
			isa = PBXFrameworksBuildPhase;
			buildActionMask = 2147483647;
			files = (
			);
			runOnlyForDeploymentPostprocessing = 0;
		};
/* End PBXFrameworksBuildPhase section */

/* Begin PBXGroup section */
		FF07384D27650B6800315619 = {
			isa = PBXGroup;
			children = (
				FF07385827650B6800315619 /* general */,
				FF07385727650B6800315619 /* Products */,
			);
			sourceTree = "<group>";
		};
		FF07385727650B6800315619 /* Products */ = {
			isa = PBXGroup;
			children = (
				FF07385627650B6800315619 /* general.app */,
			);
			name = Products;
			sourceTree = "<group>";
		};
		FF07385827650B6800315619 /* general */ = {
			isa = PBXGroup;
			children = (
				FF07387027650E5800315619 /* general.entitlements */,
				FF07386F27650C0200315619 /* Code */,
				FF07386E27650BC800315619 /* Screen */,
				FF07386D27650BA400315619 /* VC */,
				FF07386227650B7200315619 /* Assets.xcassets */,
				FF07386727650B7200315619 /* Info.plist */,
			);
			path = general;
			sourceTree = "<group>";
		};
		FF07386D27650BA400315619 /* VC */ = {
			isa = PBXGroup;
			children = (
				FF07385B27650B6800315619 /* SceneDelegate.swift */,
				FF07385927650B6800315619 /* AppDelegate.swift */,
				FF07387127651AFC00315619 /* GameVC.swift */,
				FF86B6AF277615D2005E703E /* EndVC.swift */,
			);
			path = VC;
			sourceTree = "<group>";
		};
		FF07386E27650BC800315619 /* Screen */ = {
			isa = PBXGroup;
			children = (
				FF07386427650B7200315619 /* LaunchScreen.storyboard */,
				FF07385F27650B6900315619 /* Main.storyboard */,
			);
			path = Screen;
			sourceTree = "<group>";
		};
		FF07386F27650C0200315619 /* Code */ = {
			isa = PBXGroup;
			children = (
				FF86B6A927710762005E703E /* Game.swift */,
				FF86B6AB27749B32005E703E /* Combination.swift */,
				FF86B6AD2774E6C3005E703E /* Position.swift */,
			);
			path = Code;
			sourceTree = "<group>";
		};
/* End PBXGroup section */

/* Begin PBXNativeTarget section */
		FF07385527650B6800315619 /* general */ = {
			isa = PBXNativeTarget;
			buildConfigurationList = FF07386A27650B7200315619 /* Build configuration list for PBXNativeTarget "general" */;
			buildPhases = (
				FF07385227650B6800315619 /* Sources */,
				FF07385327650B6800315619 /* Frameworks */,
				FF07385427650B6800315619 /* Resources */,
			);
			buildRules = (
			);
			dependencies = (
			);
			name = general;
			productName = general;
			productReference = FF07385627650B6800315619 /* general.app */;
			productType = "com.apple.product-type.application";
		};
/* End PBXNativeTarget section */

/* Begin PBXProject section */
		FF07384E27650B6800315619 /* Project object */ = {
			isa = PBXProject;
			attributes = {
				BuildIndependentTargetsInParallel = 1;
				LastSwiftUpdateCheck = 1310;
				LastUpgradeCheck = 1310;
				TargetAttributes = {
					FF07385527650B6800315619 = {
						CreatedOnToolsVersion = 13.1;
					};
				};
			};
			buildConfigurationList = FF07385127650B6800315619 /* Build configuration list for PBXProject "general" */;
			compatibilityVersion = "Xcode 13.0";
			developmentRegion = en;
			hasScannedForEncodings = 0;
			knownRegions = (
				en,
				Base,
			);
			mainGroup = FF07384D27650B6800315619;
			productRefGroup = FF07385727650B6800315619 /* Products */;
			projectDirPath = "";
			projectRoot = "";
			targets = (
				FF07385527650B6800315619 /* general */,
			);
		};
/* End PBXProject section */

/* Begin PBXResourcesBuildPhase section */
		FF07385427650B6800315619 /* Resources */ = {
			isa = PBXResourcesBuildPhase;
			buildActionMask = 2147483647;
			files = (
				FF07386627650B7200315619 /* LaunchScreen.storyboard in Resources */,
				FF07386327650B7200315619 /* Assets.xcassets in Resources */,
				FF07386127650B6900315619 /* Main.storyboard in Resources */,
			);
			runOnlyForDeploymentPostprocessing = 0;
		};
/* End PBXResourcesBuildPhase section */

/* Begin PBXSourcesBuildPhase section */
		FF07385227650B6800315619 /* Sources */ = {
			isa = PBXSourcesBuildPhase;
			buildActionMask = 2147483647;
			files = (
				FF86B6B0277615D3005E703E /* EndVC.swift in Sources */,
				FF07385A27650B6800315619 /* AppDelegate.swift in Sources */,
				FF07387227651AFD00315619 /* GameVC.swift in Sources */,
				FF86B6AE2774E6C4005E703E /* Position.swift in Sources */,
				FF07385C27650B6800315619 /* SceneDelegate.swift in Sources */,
				FF86B6AA27710762005E703E /* Game.swift in Sources */,
				FF86B6AC27749B32005E703E /* Combination.swift in Sources */,
			);
			runOnlyForDeploymentPostprocessing = 0;
		};
/* End PBXSourcesBuildPhase section */

/* Begin PBXVariantGroup section */
		FF07385F27650B6900315619 /* Main.storyboard */ = {
			isa = PBXVariantGroup;
			children = (
				FF07386027650B6900315619 /* Base */,
			);
			name = Main.storyboard;
			sourceTree = "<group>";
		};
		FF07386427650B7200315619 /* LaunchScreen.storyboard */ = {
			isa = PBXVariantGroup;
			children = (
				FF07386527650B7200315619 /* Base */,
			);
			name = LaunchScreen.storyboard;
			sourceTree = "<group>";
		};
/* End PBXVariantGroup section */

/* Begin XCBuildConfiguration section */
		FF07386827650B7200315619 /* Debug */ = {
			isa = XCBuildConfiguration;
			buildSettings = {
				ALWAYS_SEARCH_USER_PATHS = NO;
				CLANG_ANALYZER_NONNULL = YES;
				CLANG_ANALYZER_NUMBER_OBJECT_CONVERSION = YES_AGGRESSIVE;
				CLANG_CXX_LANGUAGE_STANDARD = "gnu++17";
				CLANG_CXX_LIBRARY = "libc++";
				CLANG_ENABLE_MODULES = YES;
				CLANG_ENABLE_OBJC_ARC = YES;
				CLANG_ENABLE_OBJC_WEAK = YES;
				CLANG_WARN_BLOCK_CAPTURE_AUTORELEASING = YES;
				CLANG_WARN_BOOL_CONVERSION = YES;
				CLANG_WARN_COMMA = YES;
				CLANG_WARN_CONSTANT_CONVERSION = YES;
				CLANG_WARN_DEPRECATED_OBJC_IMPLEMENTATIONS = YES;
				CLANG_WARN_DIRECT_OBJC_ISA_USAGE = YES_ERROR;
				CLANG_WARN_DOCUMENTATION_COMMENTS = YES;
				CLANG_WARN_EMPTY_BODY = YES;
				CLANG_WARN_ENUM_CONVERSION = YES;
				CLANG_WARN_INFINITE_RECURSION = YES;
				CLANG_WARN_INT_CONVERSION = YES;
				CLANG_WARN_NON_LITERAL_NULL_CONVERSION = YES;
				CLANG_WARN_OBJC_IMPLICIT_RETAIN_SELF = YES;
				CLANG_WARN_OBJC_LITERAL_CONVERSION = YES;
				CLANG_WARN_OBJC_ROOT_CLASS = YES_ERROR;
				CLANG_WARN_QUOTED_INCLUDE_IN_FRAMEWORK_HEADER = YES;
				CLANG_WARN_RANGE_LOOP_ANALYSIS = YES;
				CLANG_WARN_STRICT_PROTOTYPES = YES;
				CLANG_WARN_SUSPICIOUS_MOVE = YES;
				CLANG_WARN_UNGUARDED_AVAILABILITY = YES_AGGRESSIVE;
				CLANG_WARN_UNREACHABLE_CODE = YES;
				CLANG_WARN__DUPLICATE_METHOD_MATCH = YES;
				COPY_PHASE_STRIP = NO;
				DEBUG_INFORMATION_FORMAT = dwarf;
				ENABLE_STRICT_OBJC_MSGSEND = YES;
				ENABLE_TESTABILITY = YES;
				GCC_C_LANGUAGE_STANDARD = gnu11;
				GCC_DYNAMIC_NO_PIC = NO;
				GCC_NO_COMMON_BLOCKS = YES;
				GCC_OPTIMIZATION_LEVEL = 0;
				GCC_PREPROCESSOR_DEFINITIONS = (
					"DEBUG=1",
					"$(inherited)",
				);
				GCC_WARN_64_TO_32_BIT_CONVERSION = YES;
				GCC_WARN_ABOUT_RETURN_TYPE = YES_ERROR;
				GCC_WARN_UNDECLARED_SELECTOR = YES;
				GCC_WARN_UNINITIALIZED_AUTOS = YES_AGGRESSIVE;
				GCC_WARN_UNUSED_FUNCTION = YES;
				GCC_WARN_UNUSED_VARIABLE = YES;
				IPHONEOS_DEPLOYMENT_TARGET = 15.0;
				MTL_ENABLE_DEBUG_INFO = INCLUDE_SOURCE;
				MTL_FAST_MATH = YES;
				ONLY_ACTIVE_ARCH = YES;
				SDKROOT = iphoneos;
				SWIFT_ACTIVE_COMPILATION_CONDITIONS = DEBUG;
				SWIFT_OPTIMIZATION_LEVEL = "-Onone";
			};
			name = Debug;
		};
		FF07386927650B7200315619 /* Release */ = {
			isa = XCBuildConfiguration;
			buildSettings = {
				ALWAYS_SEARCH_USER_PATHS = NO;
				CLANG_ANALYZER_NONNULL = YES;
				CLANG_ANALYZER_NUMBER_OBJECT_CONVERSION = YES_AGGRESSIVE;
				CLANG_CXX_LANGUAGE_STANDARD = "gnu++17";
				CLANG_CXX_LIBRARY = "libc++";
				CLANG_ENABLE_MODULES = YES;
				CLANG_ENABLE_OBJC_ARC = YES;
				CLANG_ENABLE_OBJC_WEAK = YES;
				CLANG_WARN_BLOCK_CAPTURE_AUTORELEASING = YES;
				CLANG_WARN_BOOL_CONVERSION = YES;
				CLANG_WARN_COMMA = YES;
				CLANG_WARN_CONSTANT_CONVERSION = YES;
				CLANG_WARN_DEPRECATED_OBJC_IMPLEMENTATIONS = YES;
				CLANG_WARN_DIRECT_OBJC_ISA_USAGE = YES_ERROR;
				CLANG_WARN_DOCUMENTATION_COMMENTS = YES;
				CLANG_WARN_EMPTY_BODY = YES;
				CLANG_WARN_ENUM_CONVERSION = YES;
				CLANG_WARN_INFINITE_RECURSION = YES;
				CLANG_WARN_INT_CONVERSION = YES;
				CLANG_WARN_NON_LITERAL_NULL_CONVERSION = YES;
				CLANG_WARN_OBJC_IMPLICIT_RETAIN_SELF = YES;
				CLANG_WARN_OBJC_LITERAL_CONVERSION = YES;
				CLANG_WARN_OBJC_ROOT_CLASS = YES_ERROR;
				CLANG_WARN_QUOTED_INCLUDE_IN_FRAMEWORK_HEADER = YES;
				CLANG_WARN_RANGE_LOOP_ANALYSIS = YES;
				CLANG_WARN_STRICT_PROTOTYPES = YES;
				CLANG_WARN_SUSPICIOUS_MOVE = YES;
				CLANG_WARN_UNGUARDED_AVAILABILITY = YES_AGGRESSIVE;
				CLANG_WARN_UNREACHABLE_CODE = YES;
				CLANG_WARN__DUPLICATE_METHOD_MATCH = YES;
				COPY_PHASE_STRIP = NO;
				DEBUG_INFORMATION_FORMAT = "dwarf-with-dsym";
				ENABLE_NS_ASSERTIONS = NO;
				ENABLE_STRICT_OBJC_MSGSEND = YES;
				GCC_C_LANGUAGE_STANDARD = gnu11;
				GCC_NO_COMMON_BLOCKS = YES;
				GCC_WARN_64_TO_32_BIT_CONVERSION = YES;
				GCC_WARN_ABOUT_RETURN_TYPE = YES_ERROR;
				GCC_WARN_UNDECLARED_SELECTOR = YES;
				GCC_WARN_UNINITIALIZED_AUTOS = YES_AGGRESSIVE;
				GCC_WARN_UNUSED_FUNCTION = YES;
				GCC_WARN_UNUSED_VARIABLE = YES;
				IPHONEOS_DEPLOYMENT_TARGET = 15.0;
				MTL_ENABLE_DEBUG_INFO = NO;
				MTL_FAST_MATH = YES;
				SDKROOT = iphoneos;
				SWIFT_COMPILATION_MODE = wholemodule;
				SWIFT_OPTIMIZATION_LEVEL = "-O";
				VALIDATE_PRODUCT = YES;
			};
			name = Release;
		};
		FF07386B27650B7200315619 /* Debug */ = {
			isa = XCBuildConfiguration;
			buildSettings = {
				ASSETCATALOG_COMPILER_APPICON_NAME = AppIcon;
				ASSETCATALOG_COMPILER_GLOBAL_ACCENT_COLOR_NAME = AccentColor;
				CODE_SIGN_ENTITLEMENTS = general/general.entitlements;
				CODE_SIGN_STYLE = Automatic;
				CURRENT_PROJECT_VERSION = 1;
				DEVELOPMENT_TEAM = AF68Y4A9MG;
				GENERATE_INFOPLIST_FILE = YES;
				INFOPLIST_FILE = general/Info.plist;
				INFOPLIST_KEY_UIApplicationSupportsIndirectInputEvents = YES;
				INFOPLIST_KEY_UILaunchStoryboardName = LaunchScreen;
				INFOPLIST_KEY_UIMainStoryboardFile = Main;
				INFOPLIST_KEY_UISupportedInterfaceOrientations_iPad = "UIInterfaceOrientationPortrait UIInterfaceOrientationPortraitUpsideDown UIInterfaceOrientationLandscapeLeft UIInterfaceOrientationLandscapeRight";
				INFOPLIST_KEY_UISupportedInterfaceOrientations_iPhone = "UIInterfaceOrientationPortrait UIInterfaceOrientationLandscapeLeft UIInterfaceOrientationLandscapeRight";
				LD_RUNPATH_SEARCH_PATHS = (
					"$(inherited)",
					"@executable_path/Frameworks",
				);
				MARKETING_VERSION = 1.0;
				PRODUCT_BUNDLE_IDENTIFIER = "-.general";
				PRODUCT_NAME = "$(TARGET_NAME)";
				SUPPORTS_MACCATALYST = YES;
				SWIFT_EMIT_LOC_STRINGS = YES;
				SWIFT_VERSION = 5.0;
				TARGETED_DEVICE_FAMILY = "1,2";
			};
			name = Debug;
		};
		FF07386C27650B7200315619 /* Release */ = {
			isa = XCBuildConfiguration;
			buildSettings = {
				ASSETCATALOG_COMPILER_APPICON_NAME = AppIcon;
				ASSETCATALOG_COMPILER_GLOBAL_ACCENT_COLOR_NAME = AccentColor;
				CODE_SIGN_ENTITLEMENTS = general/general.entitlements;
				CODE_SIGN_STYLE = Automatic;
				CURRENT_PROJECT_VERSION = 1;
				DEVELOPMENT_TEAM = AF68Y4A9MG;
				GENERATE_INFOPLIST_FILE = YES;
				INFOPLIST_FILE = general/Info.plist;
				INFOPLIST_KEY_UIApplicationSupportsIndirectInputEvents = YES;
				INFOPLIST_KEY_UILaunchStoryboardName = LaunchScreen;
				INFOPLIST_KEY_UIMainStoryboardFile = Main;
				INFOPLIST_KEY_UISupportedInterfaceOrientations_iPad = "UIInterfaceOrientationPortrait UIInterfaceOrientationPortraitUpsideDown UIInterfaceOrientationLandscapeLeft UIInterfaceOrientationLandscapeRight";
				INFOPLIST_KEY_UISupportedInterfaceOrientations_iPhone = "UIInterfaceOrientationPortrait UIInterfaceOrientationLandscapeLeft UIInterfaceOrientationLandscapeRight";
				LD_RUNPATH_SEARCH_PATHS = (
					"$(inherited)",
					"@executable_path/Frameworks",
				);
				MARKETING_VERSION = 1.0;
				PRODUCT_BUNDLE_IDENTIFIER = "-.general";
				PRODUCT_NAME = "$(TARGET_NAME)";
				SUPPORTS_MACCATALYST = YES;
				SWIFT_EMIT_LOC_STRINGS = YES;
				SWIFT_VERSION = 5.0;
				TARGETED_DEVICE_FAMILY = "1,2";
			};
			name = Release;
		};
/* End XCBuildConfiguration section */

/* Begin XCConfigurationList section */
		FF07385127650B6800315619 /* Build configuration list for PBXProject "general" */ = {
			isa = XCConfigurationList;
			buildConfigurations = (
				FF07386827650B7200315619 /* Debug */,
				FF07386927650B7200315619 /* Release */,
			);
			defaultConfigurationIsVisible = 0;
			defaultConfigurationName = Release;
		};
		FF07386A27650B7200315619 /* Build configuration list for PBXNativeTarget "general" */ = {
			isa = XCConfigurationList;
			buildConfigurations = (
				FF07386B27650B7200315619 /* Debug */,
				FF07386C27650B7200315619 /* Release */,
			);
			defaultConfigurationIsVisible = 0;
			defaultConfigurationName = Release;
		};
/* End XCConfigurationList section */
	};
	rootObject = FF07384E27650B6800315619 /* Project object */;
}
